
Microsoft Visual Studio Solution File, Format Version 12.00
# Visual Studio Version 16
VisualStudioVersion = 16.0.31321.278
MinimumVisualStudioVersion = 10.0.40219.1
Project("{FAE04EC0-301F-11D3-BF4B-00C04F79EFBC}") = "Conditionals_Maxey_Andrew", "Conditionals_Maxey_Andrew\Conditionals_Maxey_Andrew.csproj", "{9E2F1D5F-04CC-46F9-BD01-95FEABD61097}"
EndProject
Global
	GlobalSection(SolutionConfigurationPlatforms) = preSolution
		Debug|Any CPU = Debug|Any CPU
		Release|Any CPU = Release|Any CPU
	EndGlobalSection
	GlobalSection(ProjectConfigurationPlatforms) = postSolution
		{9E2F1D5F-04CC-46F9-BD01-95FEABD61097}.Debug|Any CPU.ActiveCfg = Debug|Any CPU
		{9E2F1D5F-04CC-46F9-BD01-95FEABD61097}.Debug|Any CPU.Build.0 = Debug|Any CPU
		{9E2F1D5F-04CC-46F9-BD01-95FEABD61097}.Release|Any CPU.ActiveCfg = Release|Any CPU
		{9E2F1D5F-04CC-46F9-BD01-95FEABD61097}.Release|Any CPU.Build.0 = Release|Any CPU
	EndGlobalSection
	GlobalSection(SolutionProperties) = preSolution
		HideSolutionNode = FALSE
	EndGlobalSection
	GlobalSection(ExtensibilityGlobals) = postSolution
		SolutionGuid = {76BCAE1C-D5B5-4F2F-9537-D933DC854769}
	EndGlobalSection
EndGlobal
